
Microsoft Visual Studio Solution File, Format Version 12.00
# Visual Studio Version 17
VisualStudioVersion = 17.14.36401.2 d17.14
MinimumVisualStudioVersion = 10.0.40219.1
Project("{FAE04EC0-301F-11D3-BF4B-00C04F79EFBC}") = "FoodMgmt.API", "FoodMgmt.API\FoodMgmt.API.csproj", "{29D67345-3603-4751-BE24-DF2E812744DB}"
EndProject
Project("{FAE04EC0-301F-11D3-BF4B-00C04F79EFBC}") = "FoodMgmt.Domain", "FoodMgmt.Domain\FoodMgmt.Domain.csproj", "{8C5D16C4-4D0C-4911-8B87-C12AE83A6D4C}"
EndProject
Project("{FAE04EC0-301F-11D3-BF4B-00C04F79EFBC}") = "FoodMgmt.Application", "FoodMgmt.Application\FoodMgmt.Application.csproj", "{CF6663E7-221A-447E-A47A-F7571719ABD0}"
EndProject
Project("{FAE04EC0-301F-11D3-BF4B-00C04F79EFBC}") = "FoodMgmt.Infrastructure", "FoodMgmt.Infrastructure\FoodMgmt.Infrastructure.csproj", "{211B899B-F40F-4AB3-A18B-8AA8DB428F64}"
EndProject
Global
	GlobalSection(SolutionConfigurationPlatforms) = preSolution
		Debug|Any CPU = Debug|Any CPU
		Release|Any CPU = Release|Any CPU
	EndGlobalSection
	GlobalSection(ProjectConfigurationPlatforms) = postSolution
		{29D67345-3603-4751-BE24-DF2E812744DB}.Debug|Any CPU.ActiveCfg = Debug|Any CPU
		{29D67345-3603-4751-BE24-DF2E812744DB}.Debug|Any CPU.Build.0 = Debug|Any CPU
		{29D67345-3603-4751-BE24-DF2E812744DB}.Release|Any CPU.ActiveCfg = Release|Any CPU
		{29D67345-3603-4751-BE24-DF2E812744DB}.Release|Any CPU.Build.0 = Release|Any CPU
		{8C5D16C4-4D0C-4911-8B87-C12AE83A6D4C}.Debug|Any CPU.ActiveCfg = Debug|Any CPU
		{8C5D16C4-4D0C-4911-8B87-C12AE83A6D4C}.Debug|Any CPU.Build.0 = Debug|Any CPU
		{8C5D16C4-4D0C-4911-8B87-C12AE83A6D4C}.Release|Any CPU.ActiveCfg = Release|Any CPU
		{8C5D16C4-4D0C-4911-8B87-C12AE83A6D4C}.Release|Any CPU.Build.0 = Release|Any CPU
		{CF6663E7-221A-447E-A47A-F7571719ABD0}.Debug|Any CPU.ActiveCfg = Debug|Any CPU
		{CF6663E7-221A-447E-A47A-F7571719ABD0}.Debug|Any CPU.Build.0 = Debug|Any CPU
		{CF6663E7-221A-447E-A47A-F7571719ABD0}.Release|Any CPU.ActiveCfg = Release|Any CPU
		{CF6663E7-221A-447E-A47A-F7571719ABD0}.Release|Any CPU.Build.0 = Release|Any CPU
		{211B899B-F40F-4AB3-A18B-8AA8DB428F64}.Debug|Any CPU.ActiveCfg = Debug|Any CPU
		{211B899B-F40F-4AB3-A18B-8AA8DB428F64}.Debug|Any CPU.Build.0 = Debug|Any CPU
		{211B899B-F40F-4AB3-A18B-8AA8DB428F64}.Release|Any CPU.ActiveCfg = Release|Any CPU
		{211B899B-F40F-4AB3-A18B-8AA8DB428F64}.Release|Any CPU.Build.0 = Release|Any CPU
	EndGlobalSection
	GlobalSection(SolutionProperties) = preSolution
		HideSolutionNode = FALSE
	EndGlobalSection
	GlobalSection(ExtensibilityGlobals) = postSolution
		SolutionGuid = {75CE23B9-A362-4D1E-8977-FD12751DDD77}
	EndGlobalSection
EndGlobal
